
Microsoft Visual Studio Solution File, Format Version 12.00
# Visual Studio 15
VisualStudioVersion = 15.0.28307.421
MinimumVisualStudioVersion = 10.0.40219.1
Project("{FAE04EC0-301F-11D3-BF4B-00C04F79EFBC}") = "RestfulAPI", "RestfulAPI\RestfulAPI.csproj", "{67A3E7B8-8506-4156-B87A-531640E9152A}"
EndProject
Global
	GlobalSection(SolutionConfigurationPlatforms) = preSolution
		Debug|Any CPU = Debug|Any CPU
		Release|Any CPU = Release|Any CPU
	EndGlobalSection
	GlobalSection(ProjectConfigurationPlatforms) = postSolution
		{67A3E7B8-8506-4156-B87A-531640E9152A}.Debug|Any CPU.ActiveCfg = Debug|Any CPU
		{67A3E7B8-8506-4156-B87A-531640E9152A}.Debug|Any CPU.Build.0 = Debug|Any CPU
		{67A3E7B8-8506-4156-B87A-531640E9152A}.Release|Any CPU.ActiveCfg = Release|Any CPU
		{67A3E7B8-8506-4156-B87A-531640E9152A}.Release|Any CPU.Build.0 = Release|Any CPU
	EndGlobalSection
	GlobalSection(SolutionProperties) = preSolution
		HideSolutionNode = FALSE
	EndGlobalSection
	GlobalSection(ExtensibilityGlobals) = postSolution
		SolutionGuid = {5D9C86D3-F0FB-4DE0-92BC-CE84A4C740E8}
	EndGlobalSection
EndGlobal
